// !$*UTF8*$!
{
	archiveVersion = 1;
	classes = {
	};
	objectVersion = 46;
	objects = {

/* Begin PBXBuildFile section */
		264E3AB93504AE3C5FC2B82A /* libPods.a in Frameworks */ = {isa = PBXBuildFile; fileRef = 9341DB962B0730E08D3D0413 /* libPods.a */; };
		CC05A6031D18D7EE00C0AED9 /* CubeButton.m in Sources */ = {isa = PBXBuildFile; fileRef = CC05A6021D18D7EE00C0AED9 /* CubeButton.m */; };
		CC400E8D1CFFD9B300A1B490 /* main.m in Sources */ = {isa = PBXBuildFile; fileRef = CC400E8C1CFFD9B300A1B490 /* main.m */; };
		CC400E901CFFD9B300A1B490 /* AppDelegate.m in Sources */ = {isa = PBXBuildFile; fileRef = CC400E8F1CFFD9B300A1B490 /* AppDelegate.m */; };
		CC400E931CFFD9B300A1B490 /* ViewController.m in Sources */ = {isa = PBXBuildFile; fileRef = CC400E921CFFD9B300A1B490 /* ViewController.m */; };
		CC400E961CFFD9B300A1B490 /* Main.storyboard in Resources */ = {isa = PBXBuildFile; fileRef = CC400E941CFFD9B300A1B490 /* Main.storyboard */; };
		CC400E981CFFD9B300A1B490 /* Assets.xcassets in Resources */ = {isa = PBXBuildFile; fileRef = CC400E971CFFD9B300A1B490 /* Assets.xcassets */; };
		CC400E9B1CFFD9B300A1B490 /* LaunchScreen.storyboard in Resources */ = {isa = PBXBuildFile; fileRef = CC400E991CFFD9B300A1B490 /* LaunchScreen.storyboard */; };
		CC400EA61CFFD9B300A1B490 /* HJMethodTests.m in Sources */ = {isa = PBXBuildFile; fileRef = CC400EA51CFFD9B300A1B490 /* HJMethodTests.m */; };
		CC400EB11CFFD9B300A1B490 /* HJMethodUITests.m in Sources */ = {isa = PBXBuildFile; fileRef = CC400EB01CFFD9B300A1B490 /* HJMethodUITests.m */; };
		CC400EC61CFFDBF300A1B490 /* UIView+HJExtension.m in Sources */ = {isa = PBXBuildFile; fileRef = CC400EC51CFFDBF300A1B490 /* UIView+HJExtension.m */; };
		CC400ECB1CFFF48000A1B490 /* UIColor+HJExtension.m in Sources */ = {isa = PBXBuildFile; fileRef = CC400ECA1CFFF48000A1B490 /* UIColor+HJExtension.m */; };
		CC4B25E11D2E16B4008D08C9 /* HJAuthorizeFunction.m in Sources */ = {isa = PBXBuildFile; fileRef = CC4B25E01D2E16B4008D08C9 /* HJAuthorizeFunction.m */; };
		CC57046F1D0E928800A7D5C1 /* HJShoppingBottomBar.m in Sources */ = {isa = PBXBuildFile; fileRef = CC57046E1D0E928800A7D5C1 /* HJShoppingBottomBar.m */; };
		CC5705A11D0EC16800A7D5C1 /* HJShoppingService.m in Sources */ = {isa = PBXBuildFile; fileRef = CC5705A01D0EC16800A7D5C1 /* HJShoppingService.m */; };
		CC5705A51D0EC2DD00A7D5C1 /* HJShoppingCell.m in Sources */ = {isa = PBXBuildFile; fileRef = CC5705A31D0EC2DD00A7D5C1 /* HJShoppingCell.m */; };
		CC5705A61D0EC2DD00A7D5C1 /* HJShoppingCell.xib in Resources */ = {isa = PBXBuildFile; fileRef = CC5705A41D0EC2DD00A7D5C1 /* HJShoppingCell.xib */; };
		CC5705A91D0F909400A7D5C1 /* HJShoppingCount.m in Sources */ = {isa = PBXBuildFile; fileRef = CC5705A81D0F909400A7D5C1 /* HJShoppingCount.m */; };
		CC57E6EB1D0D4A0100858E4A /* HJCircleColorView.m in Sources */ = {isa = PBXBuildFile; fileRef = CC57E6EA1D0D4A0100858E4A /* HJCircleColorView.m */; };
		CC57E6F31D0D592D00858E4A /* HJShoppingCartController.m in Sources */ = {isa = PBXBuildFile; fileRef = CC57E6F21D0D592D00858E4A /* HJShoppingCartController.m */; };
		CC584FEB1D08030700F77FD8 /* new_feature_1.png in Resources */ = {isa = PBXBuildFile; fileRef = CC584FE51D08030700F77FD8 /* new_feature_1.png */; };
		CC584FEC1D08030700F77FD8 /* new_feature_2.png in Resources */ = {isa = PBXBuildFile; fileRef = CC584FE61D08030700F77FD8 /* new_feature_2.png */; };
		CC584FED1D08030700F77FD8 /* new_feature_3.png in Resources */ = {isa = PBXBuildFile; fileRef = CC584FE71D08030700F77FD8 /* new_feature_3.png */; };
		CC584FEE1D08030700F77FD8 /* new_feature_4.png in Resources */ = {isa = PBXBuildFile; fileRef = CC584FE81D08030700F77FD8 /* new_feature_4.png */; };
		CC584FEF1D08030700F77FD8 /* HJGuideController.m in Sources */ = {isa = PBXBuildFile; fileRef = CC584FEA1D08030700F77FD8 /* HJGuideController.m */; };
		CC584FF31D08036A00F77FD8 /* HJDownAlertView.m in Sources */ = {isa = PBXBuildFile; fileRef = CC584FF21D08036A00F77FD8 /* HJDownAlertView.m */; };
		CC584FF51D08093700F77FD8 /* alertView_close.png in Resources */ = {isa = PBXBuildFile; fileRef = CC584FF41D08093700F77FD8 /* alertView_close.png */; };
		CC5BAA4B1D12A15C007E0B6A /* TableViewController.m in Sources */ = {isa = PBXBuildFile; fileRef = CC5BAA4A1D12A15C007E0B6A /* TableViewController.m */; };
		CC655F581D066041009856A5 /* NSArray+ ZXPUnicode.m in Sources */ = {isa = PBXBuildFile; fileRef = CC655F4E1D066041009856A5 /* NSArray+ ZXPUnicode.m */; };
		CC655F591D066041009856A5 /* NSDictionary+ZXPUnicode.m in Sources */ = {isa = PBXBuildFile; fileRef = CC655F521D066041009856A5 /* NSDictionary+ZXPUnicode.m */; };
		CC655F5B1D066041009856A5 /* NSObject+ZXPUnicode.m in Sources */ = {isa = PBXBuildFile; fileRef = CC655F571D066041009856A5 /* NSObject+ZXPUnicode.m */; };
		CC655F5D1D068775009856A5 /* libz.tbd in Frameworks */ = {isa = PBXBuildFile; fileRef = CC655F5C1D068775009856A5 /* libz.tbd */; };
		CC655F601D06D94E009856A5 /* TouchID.m in Sources */ = {isa = PBXBuildFile; fileRef = CC655F5F1D06D94E009856A5 /* TouchID.m */; };
		CC68AF9E1D1A65D60030B6DC /* HJMarqueeLabel.m in Sources */ = {isa = PBXBuildFile; fileRef = CC68AF9D1D1A65D60030B6DC /* HJMarqueeLabel.m */; };
		CC82274A1D193D4300780911 /* UIView+HJTipExtension.m in Sources */ = {isa = PBXBuildFile; fileRef = CC8227491D193D4300780911 /* UIView+HJTipExtension.m */; };
		CC9817F61D0507E1005301CF /* NSString+HJExtension.m in Sources */ = {isa = PBXBuildFile; fileRef = CC9817F51D0507E1005301CF /* NSString+HJExtension.m */; };
		CC9818071D053E83005301CF /* HJFunction.m in Sources */ = {isa = PBXBuildFile; fileRef = CC9818061D053E83005301CF /* HJFunction.m */; };
		CC98180A1D053EC5005301CF /* NSDate+HJExtension.m in Sources */ = {isa = PBXBuildFile; fileRef = CC9818091D053EC5005301CF /* NSDate+HJExtension.m */; };
		CC98180E1D05409A005301CF /* UIImage+HJExtension.m in Sources */ = {isa = PBXBuildFile; fileRef = CC98180D1D05409A005301CF /* UIImage+HJExtension.m */; };
/* End PBXBuildFile section */

/* Begin PBXContainerItemProxy section */
		CC400EA21CFFD9B300A1B490 /* PBXContainerItemProxy */ = {
			isa = PBXContainerItemProxy;
			containerPortal = CC400E801CFFD9B300A1B490 /* Project object */;
			proxyType = 1;
			remoteGlobalIDString = CC400E871CFFD9B300A1B490;
			remoteInfo = HJMethod;
		};
		CC400EAD1CFFD9B300A1B490 /* PBXContainerItemProxy */ = {
			isa = PBXContainerItemProxy;
			containerPortal = CC400E801CFFD9B300A1B490 /* Project object */;
			proxyType = 1;
			remoteGlobalIDString = CC400E871CFFD9B300A1B490;
			remoteInfo = HJMethod;
		};
/* End PBXContainerItemProxy section */

/* Begin PBXFileReference section */
		3C08642996B6FAE5ECB05795 /* Pods.debug.xcconfig */ = {isa = PBXFileReference; includeInIndex = 1; lastKnownFileType = text.xcconfig; name = Pods.debug.xcconfig; path = "Pods/Target Support Files/Pods/Pods.debug.xcconfig"; sourceTree = "<group>"; };
		9341DB962B0730E08D3D0413 /* libPods.a */ = {isa = PBXFileReference; explicitFileType = archive.ar; includeInIndex = 0; path = libPods.a; sourceTree = BUILT_PRODUCTS_DIR; };
		C08A2FB2F3647FB1436AE11B /* Pods.release.xcconfig */ = {isa = PBXFileReference; includeInIndex = 1; lastKnownFileType = text.xcconfig; name = Pods.release.xcconfig; path = "Pods/Target Support Files/Pods/Pods.release.xcconfig"; sourceTree = "<group>"; };
		CC05A6011D18D7EE00C0AED9 /* CubeButton.h */ = {isa = PBXFileReference; fileEncoding = 4; lastKnownFileType = sourcecode.c.h; path = CubeButton.h; sourceTree = "<group>"; };
		CC05A6021D18D7EE00C0AED9 /* CubeButton.m */ = {isa = PBXFileReference; fileEncoding = 4; lastKnownFileType = sourcecode.c.objc; path = CubeButton.m; sourceTree = "<group>"; };
		CC400E881CFFD9B300A1B490 /* HJMethod.app */ = {isa = PBXFileReference; explicitFileType = wrapper.application; includeInIndex = 0; path = HJMethod.app; sourceTree = BUILT_PRODUCTS_DIR; };
		CC400E8C1CFFD9B300A1B490 /* main.m */ = {isa = PBXFileReference; lastKnownFileType = sourcecode.c.objc; path = main.m; sourceTree = "<group>"; };
		CC400E8E1CFFD9B300A1B490 /* AppDelegate.h */ = {isa = PBXFileReference; lastKnownFileType = sourcecode.c.h; path = AppDelegate.h; sourceTree = "<group>"; };
		CC400E8F1CFFD9B300A1B490 /* AppDelegate.m */ = {isa = PBXFileReference; lastKnownFileType = sourcecode.c.objc; path = AppDelegate.m; sourceTree = "<group>"; };
		CC400E911CFFD9B300A1B490 /* ViewController.h */ = {isa = PBXFileReference; lastKnownFileType = sourcecode.c.h; path = ViewController.h; sourceTree = "<group>"; };
		CC400E921CFFD9B300A1B490 /* ViewController.m */ = {isa = PBXFileReference; lastKnownFileType = sourcecode.c.objc; path = ViewController.m; sourceTree = "<group>"; };
		CC400E951CFFD9B300A1B490 /* Base */ = {isa = PBXFileReference; lastKnownFileType = file.storyboard; name = Base; path = Base.lproj/Main.storyboard; sourceTree = "<group>"; };
		CC400E971CFFD9B300A1B490 /* Assets.xcassets */ = {isa = PBXFileReference; lastKnownFileType = folder.assetcatalog; path = Assets.xcassets; sourceTree = "<group>"; };
		CC400E9A1CFFD9B300A1B490 /* Base */ = {isa = PBXFileReference; lastKnownFileType = file.storyboard; name = Base; path = Base.lproj/LaunchScreen.storyboard; sourceTree = "<group>"; };
		CC400E9C1CFFD9B300A1B490 /* Info.plist */ = {isa = PBXFileReference; lastKnownFileType = text.plist.xml; path = Info.plist; sourceTree = "<group>"; };
		CC400EA11CFFD9B300A1B490 /* HJMethodTests.xctest */ = {isa = PBXFileReference; explicitFileType = wrapper.cfbundle; includeInIndex = 0; path = HJMethodTests.xctest; sourceTree = BUILT_PRODUCTS_DIR; };
		CC400EA51CFFD9B300A1B490 /* HJMethodTests.m */ = {isa = PBXFileReference; lastKnownFileType = sourcecode.c.objc; path = HJMethodTests.m; sourceTree = "<group>"; };
		CC400EA71CFFD9B300A1B490 /* Info.plist */ = {isa = PBXFileReference; lastKnownFileType = text.plist.xml; path = Info.plist; sourceTree = "<group>"; };
		CC400EAC1CFFD9B300A1B490 /* HJMethodUITests.xctest */ = {isa = PBXFileReference; explicitFileType = wrapper.cfbundle; includeInIndex = 0; path = HJMethodUITests.xctest; sourceTree = BUILT_PRODUCTS_DIR; };
		CC400EB01CFFD9B300A1B490 /* HJMethodUITests.m */ = {isa = PBXFileReference; lastKnownFileType = sourcecode.c.objc; path = HJMethodUITests.m; sourceTree = "<group>"; };
		CC400EB21CFFD9B300A1B490 /* Info.plist */ = {isa = PBXFileReference; lastKnownFileType = text.plist.xml; path = Info.plist; sourceTree = "<group>"; };
		CC400EC31CFFDB8000A1B490 /* HJTool.h */ = {isa = PBXFileReference; lastKnownFileType = sourcecode.c.h; path = HJTool.h; sourceTree = "<group>"; };
		CC400EC41CFFDBF300A1B490 /* UIView+HJExtension.h */ = {isa = PBXFileReference; fileEncoding = 4; lastKnownFileType = sourcecode.c.h; path = "UIView+HJExtension.h"; sourceTree = "<group>"; };
		CC400EC51CFFDBF300A1B490 /* UIView+HJExtension.m */ = {isa = PBXFileReference; fileEncoding = 4; lastKnownFileType = sourcecode.c.objc; path = "UIView+HJExtension.m"; sourceTree = "<group>"; };
		CC400EC71CFFDDB400A1B490 /* HJCommonDefine.h */ = {isa = PBXFileReference; lastKnownFileType = sourcecode.c.h; path = HJCommonDefine.h; sourceTree = "<group>"; };
		CC400EC91CFFF48000A1B490 /* UIColor+HJExtension.h */ = {isa = PBXFileReference; fileEncoding = 4; lastKnownFileType = sourcecode.c.h; path = "UIColor+HJExtension.h"; sourceTree = "<group>"; };
		CC400ECA1CFFF48000A1B490 /* UIColor+HJExtension.m */ = {isa = PBXFileReference; fileEncoding = 4; lastKnownFileType = sourcecode.c.objc; path = "UIColor+HJExtension.m"; sourceTree = "<group>"; };
		CC4B25DF1D2E16B4008D08C9 /* HJAuthorizeFunction.h */ = {isa = PBXFileReference; fileEncoding = 4; lastKnownFileType = sourcecode.c.h; path = HJAuthorizeFunction.h; sourceTree = "<group>"; };
		CC4B25E01D2E16B4008D08C9 /* HJAuthorizeFunction.m */ = {isa = PBXFileReference; fileEncoding = 4; lastKnownFileType = sourcecode.c.objc; path = HJAuthorizeFunction.m; sourceTree = "<group>"; };
		CC57046D1D0E928800A7D5C1 /* HJShoppingBottomBar.h */ = {isa = PBXFileReference; fileEncoding = 4; lastKnownFileType = sourcecode.c.h; path = HJShoppingBottomBar.h; sourceTree = "<group>"; };
		CC57046E1D0E928800A7D5C1 /* HJShoppingBottomBar.m */ = {isa = PBXFileReference; fileEncoding = 4; lastKnownFileType = sourcecode.c.objc; path = HJShoppingBottomBar.m; sourceTree = "<group>"; };
		CC5704701D0E982A00A7D5C1 /* PrefixHeader.pch */ = {isa = PBXFileReference; lastKnownFileType = sourcecode.c.h; path = PrefixHeader.pch; sourceTree = "<group>"; };
		CC57059F1D0EC16800A7D5C1 /* HJShoppingService.h */ = {isa = PBXFileReference; fileEncoding = 4; lastKnownFileType = sourcecode.c.h; path = HJShoppingService.h; sourceTree = "<group>"; };
		CC5705A01D0EC16800A7D5C1 /* HJShoppingService.m */ = {isa = PBXFileReference; fileEncoding = 4; lastKnownFileType = sourcecode.c.objc; path = HJShoppingService.m; sourceTree = "<group>"; };
		CC5705A21D0EC2DD00A7D5C1 /* HJShoppingCell.h */ = {isa = PBXFileReference; fileEncoding = 4; lastKnownFileType = sourcecode.c.h; path = HJShoppingCell.h; sourceTree = "<group>"; };
		CC5705A31D0EC2DD00A7D5C1 /* HJShoppingCell.m */ = {isa = PBXFileReference; fileEncoding = 4; lastKnownFileType = sourcecode.c.objc; path = HJShoppingCell.m; sourceTree = "<group>"; };
		CC5705A41D0EC2DD00A7D5C1 /* HJShoppingCell.xib */ = {isa = PBXFileReference; fileEncoding = 4; lastKnownFileType = file.xib; path = HJShoppingCell.xib; sourceTree = "<group>"; };
		CC5705A71D0F909400A7D5C1 /* HJShoppingCount.h */ = {isa = PBXFileReference; fileEncoding = 4; lastKnownFileType = sourcecode.c.h; path = HJShoppingCount.h; sourceTree = "<group>"; };
		CC5705A81D0F909400A7D5C1 /* HJShoppingCount.m */ = {isa = PBXFileReference; fileEncoding = 4; lastKnownFileType = sourcecode.c.objc; path = HJShoppingCount.m; sourceTree = "<group>"; };
		CC57E6E91D0D4A0100858E4A /* HJCircleColorView.h */ = {isa = PBXFileReference; fileEncoding = 4; lastKnownFileType = sourcecode.c.h; path = HJCircleColorView.h; sourceTree = "<group>"; };
		CC57E6EA1D0D4A0100858E4A /* HJCircleColorView.m */ = {isa = PBXFileReference; fileEncoding = 4; lastKnownFileType = sourcecode.c.objc; path = HJCircleColorView.m; sourceTree = "<group>"; };
		CC57E6F11D0D592D00858E4A /* HJShoppingCartController.h */ = {isa = PBXFileReference; fileEncoding = 4; lastKnownFileType = sourcecode.c.h; path = HJShoppingCartController.h; sourceTree = "<group>"; };
		CC57E6F21D0D592D00858E4A /* HJShoppingCartController.m */ = {isa = PBXFileReference; fileEncoding = 4; lastKnownFileType = sourcecode.c.objc; path = HJShoppingCartController.m; sourceTree = "<group>"; };
		CC584FE51D08030700F77FD8 /* new_feature_1.png */ = {isa = PBXFileReference; lastKnownFileType = image.png; path = new_feature_1.png; sourceTree = "<group>"; };
		CC584FE61D08030700F77FD8 /* new_feature_2.png */ = {isa = PBXFileReference; lastKnownFileType = image.png; path = new_feature_2.png; sourceTree = "<group>"; };
		CC584FE71D08030700F77FD8 /* new_feature_3.png */ = {isa = PBXFileReference; lastKnownFileType = image.png; path = new_feature_3.png; sourceTree = "<group>"; };
		CC584FE81D08030700F77FD8 /* new_feature_4.png */ = {isa = PBXFileReference; lastKnownFileType = image.png; path = new_feature_4.png; sourceTree = "<group>"; };
		CC584FE91D08030700F77FD8 /* HJGuideController.h */ = {isa = PBXFileReference; fileEncoding = 4; lastKnownFileType = sourcecode.c.h; path = HJGuideController.h; sourceTree = "<group>"; };
		CC584FEA1D08030700F77FD8 /* HJGuideController.m */ = {isa = PBXFileReference; fileEncoding = 4; lastKnownFileType = sourcecode.c.objc; path = HJGuideController.m; sourceTree = "<group>"; };
		CC584FF11D08036A00F77FD8 /* HJDownAlertView.h */ = {isa = PBXFileReference; fileEncoding = 4; lastKnownFileType = sourcecode.c.h; path = HJDownAlertView.h; sourceTree = "<group>"; };
		CC584FF21D08036A00F77FD8 /* HJDownAlertView.m */ = {isa = PBXFileReference; fileEncoding = 4; lastKnownFileType = sourcecode.c.objc; path = HJDownAlertView.m; sourceTree = "<group>"; };
		CC584FF41D08093700F77FD8 /* alertView_close.png */ = {isa = PBXFileReference; lastKnownFileType = image.png; path = alertView_close.png; sourceTree = "<group>"; };
		CC5BAA491D12A15C007E0B6A /* TableViewController.h */ = {isa = PBXFileReference; fileEncoding = 4; lastKnownFileType = sourcecode.c.h; path = TableViewController.h; sourceTree = "<group>"; };
		CC5BAA4A1D12A15C007E0B6A /* TableViewController.m */ = {isa = PBXFileReference; fileEncoding = 4; lastKnownFileType = sourcecode.c.objc; path = TableViewController.m; sourceTree = "<group>"; };
		CC655F4E1D066041009856A5 /* NSArray+ ZXPUnicode.m */ = {isa = PBXFileReference; fileEncoding = 4; lastKnownFileType = sourcecode.c.objc; path = "NSArray+ ZXPUnicode.m"; sourceTree = "<group>"; };
		CC655F4F1D066041009856A5 /* NSArray+ZXPUnicode.h */ = {isa = PBXFileReference; fileEncoding = 4; lastKnownFileType = sourcecode.c.h; path = "NSArray+ZXPUnicode.h"; sourceTree = "<group>"; };
		CC655F511D066041009856A5 /* NSDictionary+ZXPUnicode.h */ = {isa = PBXFileReference; fileEncoding = 4; lastKnownFileType = sourcecode.c.h; path = "NSDictionary+ZXPUnicode.h"; sourceTree = "<group>"; };
		CC655F521D066041009856A5 /* NSDictionary+ZXPUnicode.m */ = {isa = PBXFileReference; fileEncoding = 4; lastKnownFileType = sourcecode.c.objc; path = "NSDictionary+ZXPUnicode.m"; sourceTree = "<group>"; };
		CC655F561D066041009856A5 /* NSObject+ZXPUnicode.h */ = {isa = PBXFileReference; fileEncoding = 4; lastKnownFileType = sourcecode.c.h; path = "NSObject+ZXPUnicode.h"; sourceTree = "<group>"; };
		CC655F571D066041009856A5 /* NSObject+ZXPUnicode.m */ = {isa = PBXFileReference; fileEncoding = 4; lastKnownFileType = sourcecode.c.objc; path = "NSObject+ZXPUnicode.m"; sourceTree = "<group>"; };
		CC655F5C1D068775009856A5 /* libz.tbd */ = {isa = PBXFileReference; lastKnownFileType = "sourcecode.text-based-dylib-definition"; name = libz.tbd; path = usr/lib/libz.tbd; sourceTree = SDKROOT; };
		CC655F5E1D06D94E009856A5 /* TouchID.h */ = {isa = PBXFileReference; fileEncoding = 4; lastKnownFileType = sourcecode.c.h; path = TouchID.h; sourceTree = "<group>"; };
		CC655F5F1D06D94E009856A5 /* TouchID.m */ = {isa = PBXFileReference; fileEncoding = 4; lastKnownFileType = sourcecode.c.objc; path = TouchID.m; sourceTree = "<group>"; };
		CC68AF9C1D1A65D60030B6DC /* HJMarqueeLabel.h */ = {isa = PBXFileReference; fileEncoding = 4; lastKnownFileType = sourcecode.c.h; path = HJMarqueeLabel.h; sourceTree = "<group>"; };
		CC68AF9D1D1A65D60030B6DC /* HJMarqueeLabel.m */ = {isa = PBXFileReference; fileEncoding = 4; lastKnownFileType = sourcecode.c.objc; path = HJMarqueeLabel.m; sourceTree = "<group>"; };
		CC8227481D193D4300780911 /* UIView+HJTipExtension.h */ = {isa = PBXFileReference; fileEncoding = 4; lastKnownFileType = sourcecode.c.h; path = "UIView+HJTipExtension.h"; sourceTree = "<group>"; };
		CC8227491D193D4300780911 /* UIView+HJTipExtension.m */ = {isa = PBXFileReference; fileEncoding = 4; lastKnownFileType = sourcecode.c.objc; path = "UIView+HJTipExtension.m"; sourceTree = "<group>"; };
		CC9817F41D0507E1005301CF /* NSString+HJExtension.h */ = {isa = PBXFileReference; fileEncoding = 4; lastKnownFileType = sourcecode.c.h; path = "NSString+HJExtension.h"; sourceTree = "<group>"; };
		CC9817F51D0507E1005301CF /* NSString+HJExtension.m */ = {isa = PBXFileReference; fileEncoding = 4; lastKnownFileType = sourcecode.c.objc; path = "NSString+HJExtension.m"; sourceTree = "<group>"; };
		CC9818051D053E83005301CF /* HJFunction.h */ = {isa = PBXFileReference; fileEncoding = 4; lastKnownFileType = sourcecode.c.h; path = HJFunction.h; sourceTree = "<group>"; };
		CC9818061D053E83005301CF /* HJFunction.m */ = {isa = PBXFileReference; fileEncoding = 4; lastKnownFileType = sourcecode.c.objc; path = HJFunction.m; sourceTree = "<group>"; };
		CC9818081D053EC5005301CF /* NSDate+HJExtension.h */ = {isa = PBXFileReference; fileEncoding = 4; lastKnownFileType = sourcecode.c.h; path = "NSDate+HJExtension.h"; sourceTree = "<group>"; };
		CC9818091D053EC5005301CF /* NSDate+HJExtension.m */ = {isa = PBXFileReference; fileEncoding = 4; lastKnownFileType = sourcecode.c.objc; path = "NSDate+HJExtension.m"; sourceTree = "<group>"; };
		CC98180C1D05409A005301CF /* UIImage+HJExtension.h */ = {isa = PBXFileReference; fileEncoding = 4; lastKnownFileType = sourcecode.c.h; path = "UIImage+HJExtension.h"; sourceTree = "<group>"; };
		CC98180D1D05409A005301CF /* UIImage+HJExtension.m */ = {isa = PBXFileReference; fileEncoding = 4; lastKnownFileType = sourcecode.c.objc; path = "UIImage+HJExtension.m"; sourceTree = "<group>"; };
/* End PBXFileReference section */

/* Begin PBXFrameworksBuildPhase section */
		CC400E851CFFD9B300A1B490 /* Frameworks */ = {
			isa = PBXFrameworksBuildPhase;
			buildActionMask = 2147483647;
			files = (
				CC655F5D1D068775009856A5 /* libz.tbd in Frameworks */,
				264E3AB93504AE3C5FC2B82A /* libPods.a in Frameworks */,
			);
			runOnlyForDeploymentPostprocessing = 0;
		};
		CC400E9E1CFFD9B300A1B490 /* Frameworks */ = {
			isa = PBXFrameworksBuildPhase;
			buildActionMask = 2147483647;
			files = (
			);
			runOnlyForDeploymentPostprocessing = 0;
		};
		CC400EA91CFFD9B300A1B490 /* Frameworks */ = {
			isa = PBXFrameworksBuildPhase;
			buildActionMask = 2147483647;
			files = (
			);
			runOnlyForDeploymentPostprocessing = 0;
		};
/* End PBXFrameworksBuildPhase section */

/* Begin PBXGroup section */
		7A591DC3E5C3461670CB6DE3 /* Pods */ = {
			isa = PBXGroup;
			children = (
				3C08642996B6FAE5ECB05795 /* Pods.debug.xcconfig */,
				C08A2FB2F3647FB1436AE11B /* Pods.release.xcconfig */,
			);
			name = Pods;
			sourceTree = "<group>";
		};
		7F8CFA3035AFD107C73F125A /* Frameworks */ = {
			isa = PBXGroup;
			children = (
				9341DB962B0730E08D3D0413 /* libPods.a */,
			);
			name = Frameworks;
			sourceTree = "<group>";
		};
		CC05A6001D18D7CE00C0AED9 /* CubeButton(立方体按钮) */ = {
			isa = PBXGroup;
			children = (
				CC05A6011D18D7EE00C0AED9 /* CubeButton.h */,
				CC05A6021D18D7EE00C0AED9 /* CubeButton.m */,
			);
			path = "CubeButton(立方体按钮)";
			sourceTree = "<group>";
		};
		CC400E7F1CFFD9B300A1B490 = {
			isa = PBXGroup;
			children = (
				CC655F5C1D068775009856A5 /* libz.tbd */,
				CC400E8A1CFFD9B300A1B490 /* HJMethod */,
				CC400EA41CFFD9B300A1B490 /* HJMethodTests */,
				CC400EAF1CFFD9B300A1B490 /* HJMethodUITests */,
				CC400E891CFFD9B300A1B490 /* Products */,
				7A591DC3E5C3461670CB6DE3 /* Pods */,
				7F8CFA3035AFD107C73F125A /* Frameworks */,
			);
			sourceTree = "<group>";
		};
		CC400E891CFFD9B300A1B490 /* Products */ = {
			isa = PBXGroup;
			children = (
				CC400E881CFFD9B300A1B490 /* HJMethod.app */,
				CC400EA11CFFD9B300A1B490 /* HJMethodTests.xctest */,
				CC400EAC1CFFD9B300A1B490 /* HJMethodUITests.xctest */,
			);
			name = Products;
			sourceTree = "<group>";
		};
		CC400E8A1CFFD9B300A1B490 /* HJMethod */ = {
			isa = PBXGroup;
			children = (
				CC400EBE1CFFDAE200A1B490 /* HJTool */,
				CC400E8E1CFFD9B300A1B490 /* AppDelegate.h */,
				CC400E8F1CFFD9B300A1B490 /* AppDelegate.m */,
				CC400E911CFFD9B300A1B490 /* ViewController.h */,
				CC400E921CFFD9B300A1B490 /* ViewController.m */,
				CC5BAA491D12A15C007E0B6A /* TableViewController.h */,
				CC5BAA4A1D12A15C007E0B6A /* TableViewController.m */,
				CC400E941CFFD9B300A1B490 /* Main.storyboard */,
				CC400E971CFFD9B300A1B490 /* Assets.xcassets */,
				CC400E991CFFD9B300A1B490 /* LaunchScreen.storyboard */,
				CC400E9C1CFFD9B300A1B490 /* Info.plist */,
				CC400E8B1CFFD9B300A1B490 /* Supporting Files */,
			);
			path = HJMethod;
			sourceTree = "<group>";
		};
		CC400E8B1CFFD9B300A1B490 /* Supporting Files */ = {
			isa = PBXGroup;
			children = (
				CC400E8C1CFFD9B300A1B490 /* main.m */,
				CC5704701D0E982A00A7D5C1 /* PrefixHeader.pch */,
			);
			name = "Supporting Files";
			sourceTree = "<group>";
		};
		CC400EA41CFFD9B300A1B490 /* HJMethodTests */ = {
			isa = PBXGroup;
			children = (
				CC400EA51CFFD9B300A1B490 /* HJMethodTests.m */,
				CC400EA71CFFD9B300A1B490 /* Info.plist */,
			);
			path = HJMethodTests;
			sourceTree = "<group>";
		};
		CC400EAF1CFFD9B300A1B490 /* HJMethodUITests */ = {
			isa = PBXGroup;
			children = (
				CC400EB01CFFD9B300A1B490 /* HJMethodUITests.m */,
				CC400EB21CFFD9B300A1B490 /* Info.plist */,
			);
			path = HJMethodUITests;
			sourceTree = "<group>";
		};
		CC400EBE1CFFDAE200A1B490 /* HJTool */ = {
			isa = PBXGroup;
			children = (
				CC400EC31CFFDB8000A1B490 /* HJTool.h */,
				CC584F9D1D07B8E600F77FD8 /* Third */,
				CC9818041D053E83005301CF /* Function */,
				CC400EBF1CFFDAE200A1B490 /* Category */,
				CC400EC11CFFDAE200A1B490 /* Defines */,
				CC584FCD1D07EB0500F77FD8 /* PublicLibary */,
			);
			path = HJTool;
			sourceTree = "<group>";
		};
		CC400EBF1CFFDAE200A1B490 /* Category */ = {
			isa = PBXGroup;
			children = (
				CC68AF881D1A451D0030B6DC /* UILabel */,
				CC655F4D1D066041009856A5 /* NSArray */,
				CC655F501D066041009856A5 /* NSDictionary */,
				CC655F531D066041009856A5 /* NSObject */,
				CC98180B1D054085005301CF /* UIImage */,
				CC9818031D053E79005301CF /* NSDate */,
				CC9817F01D05076E005301CF /* NSString */,
				CC400EC81CFFF46200A1B490 /* UIColor */,
				CC400EC21CFFDB0D00A1B490 /* UIView */,
			);
			path = Category;
			sourceTree = "<group>";
		};
		CC400EC11CFFDAE200A1B490 /* Defines */ = {
			isa = PBXGroup;
			children = (
				CC400EC71CFFDDB400A1B490 /* HJCommonDefine.h */,
			);
			path = Defines;
			sourceTree = "<group>";
		};
		CC400EC21CFFDB0D00A1B490 /* UIView */ = {
			isa = PBXGroup;
			children = (
				CC400EC41CFFDBF300A1B490 /* UIView+HJExtension.h */,
				CC400EC51CFFDBF300A1B490 /* UIView+HJExtension.m */,
				CC8227481D193D4300780911 /* UIView+HJTipExtension.h */,
				CC8227491D193D4300780911 /* UIView+HJTipExtension.m */,
			);
			path = UIView;
			sourceTree = "<group>";
		};
		CC400EC81CFFF46200A1B490 /* UIColor */ = {
			isa = PBXGroup;
			children = (
				CC400EC91CFFF48000A1B490 /* UIColor+HJExtension.h */,
				CC400ECA1CFFF48000A1B490 /* UIColor+HJExtension.m */,
			);
			path = UIColor;
			sourceTree = "<group>";
		};
		CC57059E1D0EC0F600A7D5C1 /* ViewModel */ = {
			isa = PBXGroup;
			children = (
				CC57059F1D0EC16800A7D5C1 /* HJShoppingService.h */,
				CC5705A01D0EC16800A7D5C1 /* HJShoppingService.m */,
			);
			path = ViewModel;
			sourceTree = "<group>";
		};
		CC57E6E81D0D4A0100858E4A /* CircleView(圆形旋转彩色提示框) */ = {
			isa = PBXGroup;
			children = (
				CC57E6E91D0D4A0100858E4A /* HJCircleColorView.h */,
				CC57E6EA1D0D4A0100858E4A /* HJCircleColorView.m */,
			);
			path = "CircleView(圆形旋转彩色提示框)";
			sourceTree = "<group>";
		};
		CC57E6EC1D0D4A9D00858E4A /* CircleProgressView(环形进度条) */ = {
			isa = PBXGroup;
			children = (
			);
			path = "CircleProgressView(环形进度条)";
			sourceTree = "<group>";
		};
		CC57E6ED1D0D591000858E4A /* HJShoppingCart(购物车) */ = {
			isa = PBXGroup;
			children = (
				CC57E6EE1D0D591000858E4A /* Controller */,
				CC57E6EF1D0D591000858E4A /* Model */,
				CC57E6F01D0D591000858E4A /* View */,
				CC57059E1D0EC0F600A7D5C1 /* ViewModel */,
			);
			path = "HJShoppingCart(购物车)";
			sourceTree = "<group>";
		};
		CC57E6EE1D0D591000858E4A /* Controller */ = {
			isa = PBXGroup;
			children = (
				CC57E6F11D0D592D00858E4A /* HJShoppingCartController.h */,
				CC57E6F21D0D592D00858E4A /* HJShoppingCartController.m */,
			);
			path = Controller;
			sourceTree = "<group>";
		};
		CC57E6EF1D0D591000858E4A /* Model */ = {
			isa = PBXGroup;
			children = (
			);
			path = Model;
			sourceTree = "<group>";
		};
		CC57E6F01D0D591000858E4A /* View */ = {
			isa = PBXGroup;
			children = (
				CC57046D1D0E928800A7D5C1 /* HJShoppingBottomBar.h */,
				CC57046E1D0E928800A7D5C1 /* HJShoppingBottomBar.m */,
				CC5705A21D0EC2DD00A7D5C1 /* HJShoppingCell.h */,
				CC5705A31D0EC2DD00A7D5C1 /* HJShoppingCell.m */,
				CC5705A41D0EC2DD00A7D5C1 /* HJShoppingCell.xib */,
				CC5705A71D0F909400A7D5C1 /* HJShoppingCount.h */,
				CC5705A81D0F909400A7D5C1 /* HJShoppingCount.m */,
			);
			path = View;
			sourceTree = "<group>";
		};
		CC584F9D1D07B8E600F77FD8 /* Third */ = {
			isa = PBXGroup;
			children = (
			);
			path = Third;
			sourceTree = "<group>";
		};
		CC584FCD1D07EB0500F77FD8 /* PublicLibary */ = {
			isa = PBXGroup;
			children = (
				CC68AF9B1D1A65CD0030B6DC /* HJMarqueeLabel(跑马灯) */,
				CC05A6001D18D7CE00C0AED9 /* CubeButton(立方体按钮) */,
				CC57E6ED1D0D591000858E4A /* HJShoppingCart(购物车) */,
				CC57E6EC1D0D4A9D00858E4A /* CircleProgressView(环形进度条) */,
				CC57E6E81D0D4A0100858E4A /* CircleView(圆形旋转彩色提示框) */,
				CC584FF01D08032B00F77FD8 /* AlertView(下落的弹出视图) */,
				CC584FE31D08030700F77FD8 /* Guide(引导图) */,
			);
			path = PublicLibary;
			sourceTree = "<group>";
		};
		CC584FE31D08030700F77FD8 /* Guide(引导图) */ = {
			isa = PBXGroup;
			children = (
				CC584FE41D08030700F77FD8 /* GuideImages */,
				CC584FE91D08030700F77FD8 /* HJGuideController.h */,
				CC584FEA1D08030700F77FD8 /* HJGuideController.m */,
			);
			path = "Guide(引导图)";
			sourceTree = "<group>";
		};
		CC584FE41D08030700F77FD8 /* GuideImages */ = {
			isa = PBXGroup;
			children = (
				CC584FE51D08030700F77FD8 /* new_feature_1.png */,
				CC584FE61D08030700F77FD8 /* new_feature_2.png */,
				CC584FE71D08030700F77FD8 /* new_feature_3.png */,
				CC584FE81D08030700F77FD8 /* new_feature_4.png */,
			);
			path = GuideImages;
			sourceTree = "<group>";
		};
		CC584FF01D08032B00F77FD8 /* AlertView(下落的弹出视图) */ = {
			isa = PBXGroup;
			children = (
				CC584FF41D08093700F77FD8 /* alertView_close.png */,
				CC584FF11D08036A00F77FD8 /* HJDownAlertView.h */,
				CC584FF21D08036A00F77FD8 /* HJDownAlertView.m */,
			);
			path = "AlertView(下落的弹出视图)";
			sourceTree = "<group>";
		};
		CC655F4D1D066041009856A5 /* NSArray */ = {
			isa = PBXGroup;
			children = (
				CC655F4E1D066041009856A5 /* NSArray+ ZXPUnicode.m */,
				CC655F4F1D066041009856A5 /* NSArray+ZXPUnicode.h */,
			);
			path = NSArray;
			sourceTree = "<group>";
		};
		CC655F501D066041009856A5 /* NSDictionary */ = {
			isa = PBXGroup;
			children = (
				CC655F511D066041009856A5 /* NSDictionary+ZXPUnicode.h */,
				CC655F521D066041009856A5 /* NSDictionary+ZXPUnicode.m */,
			);
			path = NSDictionary;
			sourceTree = "<group>";
		};
		CC655F531D066041009856A5 /* NSObject */ = {
			isa = PBXGroup;
			children = (
				CC655F561D066041009856A5 /* NSObject+ZXPUnicode.h */,
				CC655F571D066041009856A5 /* NSObject+ZXPUnicode.m */,
			);
			path = NSObject;
			sourceTree = "<group>";
		};
		CC68AF881D1A451D0030B6DC /* UILabel */ = {
			isa = PBXGroup;
			children = (
			);
			path = UILabel;
			sourceTree = "<group>";
		};
		CC68AF9B1D1A65CD0030B6DC /* HJMarqueeLabel(跑马灯) */ = {
			isa = PBXGroup;
			children = (
				CC68AF9C1D1A65D60030B6DC /* HJMarqueeLabel.h */,
				CC68AF9D1D1A65D60030B6DC /* HJMarqueeLabel.m */,
			);
			path = "HJMarqueeLabel(跑马灯)";
			sourceTree = "<group>";
		};
		CC9817F01D05076E005301CF /* NSString */ = {
			isa = PBXGroup;
			children = (
				CC9817F41D0507E1005301CF /* NSString+HJExtension.h */,
				CC9817F51D0507E1005301CF /* NSString+HJExtension.m */,
			);
			path = NSString;
			sourceTree = "<group>";
		};
		CC9818031D053E79005301CF /* NSDate */ = {
			isa = PBXGroup;
			children = (
				CC9818081D053EC5005301CF /* NSDate+HJExtension.h */,
				CC9818091D053EC5005301CF /* NSDate+HJExtension.m */,
			);
			path = NSDate;
			sourceTree = "<group>";
		};
		CC9818041D053E83005301CF /* Function */ = {
			isa = PBXGroup;
			children = (
				CC655F5E1D06D94E009856A5 /* TouchID.h */,
				CC655F5F1D06D94E009856A5 /* TouchID.m */,
				CC9818051D053E83005301CF /* HJFunction.h */,
				CC9818061D053E83005301CF /* HJFunction.m */,
				CC4B25DF1D2E16B4008D08C9 /* HJAuthorizeFunction.h */,
				CC4B25E01D2E16B4008D08C9 /* HJAuthorizeFunction.m */,
			);
			path = Function;
			sourceTree = "<group>";
		};
		CC98180B1D054085005301CF /* UIImage */ = {
			isa = PBXGroup;
			children = (
				CC98180C1D05409A005301CF /* UIImage+HJExtension.h */,
				CC98180D1D05409A005301CF /* UIImage+HJExtension.m */,
			);
			path = UIImage;
			sourceTree = "<group>";
		};
/* End PBXGroup section */

/* Begin PBXNativeTarget section */
		CC400E871CFFD9B300A1B490 /* HJMethod */ = {
			isa = PBXNativeTarget;
			buildConfigurationList = CC400EB51CFFD9B300A1B490 /* Build configuration list for PBXNativeTarget "HJMethod" */;
			buildPhases = (
				1A2669ADCADFB7E176C958D7 /* Check Pods Manifest.lock */,
				CC400E841CFFD9B300A1B490 /* Sources */,
				CC400E851CFFD9B300A1B490 /* Frameworks */,
				CC400E861CFFD9B300A1B490 /* Resources */,
				EED2F6886423D8558BBDCE1B /* Embed Pods Frameworks */,
				2325B5ED263D1CEEEF2DC273 /* Copy Pods Resources */,
			);
			buildRules = (
			);
			dependencies = (
			);
			name = HJMethod;
			productName = HJMethod;
			productReference = CC400E881CFFD9B300A1B490 /* HJMethod.app */;
			productType = "com.apple.product-type.application";
		};
		CC400EA01CFFD9B300A1B490 /* HJMethodTests */ = {
			isa = PBXNativeTarget;
			buildConfigurationList = CC400EB81CFFD9B300A1B490 /* Build configuration list for PBXNativeTarget "HJMethodTests" */;
			buildPhases = (
				CC400E9D1CFFD9B300A1B490 /* Sources */,
				CC400E9E1CFFD9B300A1B490 /* Frameworks */,
				CC400E9F1CFFD9B300A1B490 /* Resources */,
			);
			buildRules = (
			);
			dependencies = (
				CC400EA31CFFD9B300A1B490 /* PBXTargetDependency */,
			);
			name = HJMethodTests;
			productName = HJMethodTests;
			productReference = CC400EA11CFFD9B300A1B490 /* HJMethodTests.xctest */;
			productType = "com.apple.product-type.bundle.unit-test";
		};
		CC400EAB1CFFD9B300A1B490 /* HJMethodUITests */ = {
			isa = PBXNativeTarget;
			buildConfigurationList = CC400EBB1CFFD9B300A1B490 /* Build configuration list for PBXNativeTarget "HJMethodUITests" */;
			buildPhases = (
				CC400EA81CFFD9B300A1B490 /* Sources */,
				CC400EA91CFFD9B300A1B490 /* Frameworks */,
				CC400EAA1CFFD9B300A1B490 /* Resources */,
			);
			buildRules = (
			);
			dependencies = (
				CC400EAE1CFFD9B300A1B490 /* PBXTargetDependency */,
			);
			name = HJMethodUITests;
			productName = HJMethodUITests;
			productReference = CC400EAC1CFFD9B300A1B490 /* HJMethodUITests.xctest */;
			productType = "com.apple.product-type.bundle.ui-testing";
		};
/* End PBXNativeTarget section */

/* Begin PBXProject section */
		CC400E801CFFD9B300A1B490 /* Project object */ = {
			isa = PBXProject;
			attributes = {
				LastUpgradeCheck = 0720;
				ORGANIZATIONNAME = XHJ;
				TargetAttributes = {
					CC400E871CFFD9B300A1B490 = {
						CreatedOnToolsVersion = 7.2;
						DevelopmentTeam = 3Y92XXLNT8;
					};
					CC400EA01CFFD9B300A1B490 = {
						CreatedOnToolsVersion = 7.2;
						TestTargetID = CC400E871CFFD9B300A1B490;
					};
					CC400EAB1CFFD9B300A1B490 = {
						CreatedOnToolsVersion = 7.2;
						TestTargetID = CC400E871CFFD9B300A1B490;
					};
				};
			};
			buildConfigurationList = CC400E831CFFD9B300A1B490 /* Build configuration list for PBXProject "HJMethod" */;
			compatibilityVersion = "Xcode 3.2";
			developmentRegion = English;
			hasScannedForEncodings = 0;
			knownRegions = (
				en,
				Base,
			);
			mainGroup = CC400E7F1CFFD9B300A1B490;
			productRefGroup = CC400E891CFFD9B300A1B490 /* Products */;
			projectDirPath = "";
			projectRoot = "";
			targets = (
				CC400E871CFFD9B300A1B490 /* HJMethod */,
				CC400EA01CFFD9B300A1B490 /* HJMethodTests */,
				CC400EAB1CFFD9B300A1B490 /* HJMethodUITests */,
			);
		};
/* End PBXProject section */

/* Begin PBXResourcesBuildPhase section */
		CC400E861CFFD9B300A1B490 /* Resources */ = {
			isa = PBXResourcesBuildPhase;
			buildActionMask = 2147483647;
			files = (
				CC400E9B1CFFD9B300A1B490 /* LaunchScreen.storyboard in Resources */,
				CC584FEB1D08030700F77FD8 /* new_feature_1.png in Resources */,
				CC584FEE1D08030700F77FD8 /* new_feature_4.png in Resources */,
				CC5705A61D0EC2DD00A7D5C1 /* HJShoppingCell.xib in Resources */,
				CC400E981CFFD9B300A1B490 /* Assets.xcassets in Resources */,
				CC584FED1D08030700F77FD8 /* new_feature_3.png in Resources */,
				CC400E961CFFD9B300A1B490 /* Main.storyboard in Resources */,
				CC584FF51D08093700F77FD8 /* alertView_close.png in Resources */,
				CC584FEC1D08030700F77FD8 /* new_feature_2.png in Resources */,
			);
			runOnlyForDeploymentPostprocessing = 0;
		};
		CC400E9F1CFFD9B300A1B490 /* Resources */ = {
			isa = PBXResourcesBuildPhase;
			buildActionMask = 2147483647;
			files = (
			);
			runOnlyForDeploymentPostprocessing = 0;
		};
		CC400EAA1CFFD9B300A1B490 /* Resources */ = {
			isa = PBXResourcesBuildPhase;
			buildActionMask = 2147483647;
			files = (
			);
			runOnlyForDeploymentPostprocessing = 0;
		};
/* End PBXResourcesBuildPhase section */

/* Begin PBXShellScriptBuildPhase section */
		1A2669ADCADFB7E176C958D7 /* Check Pods Manifest.lock */ = {
			isa = PBXShellScriptBuildPhase;
			buildActionMask = 2147483647;
			files = (
			);
			inputPaths = (
			);
			name = "Check Pods Manifest.lock";
			outputPaths = (
			);
			runOnlyForDeploymentPostprocessing = 0;
			shellPath = /bin/sh;
			shellScript = "diff \"${PODS_ROOT}/../Podfile.lock\" \"${PODS_ROOT}/Manifest.lock\" > /dev/null\nif [[ $? != 0 ]] ; then\n    cat << EOM\nerror: The sandbox is not in sync with the Podfile.lock. Run 'pod install' or update your CocoaPods installation.\nEOM\n    exit 1\nfi\n";
			showEnvVarsInLog = 0;
		};
		2325B5ED263D1CEEEF2DC273 /* Copy Pods Resources */ = {
			isa = PBXShellScriptBuildPhase;
			buildActionMask = 2147483647;
			files = (
			);
			inputPaths = (
			);
			name = "Copy Pods Resources";
			outputPaths = (
			);
			runOnlyForDeploymentPostprocessing = 0;
			shellPath = /bin/sh;
			shellScript = "\"${SRCROOT}/Pods/Target Support Files/Pods/Pods-resources.sh\"\n";
			showEnvVarsInLog = 0;
		};
		EED2F6886423D8558BBDCE1B /* Embed Pods Frameworks */ = {
			isa = PBXShellScriptBuildPhase;
			buildActionMask = 2147483647;
			files = (
			);
			inputPaths = (
			);
			name = "Embed Pods Frameworks";
			outputPaths = (
			);
			runOnlyForDeploymentPostprocessing = 0;
			shellPath = /bin/sh;
			shellScript = "\"${SRCROOT}/Pods/Target Support Files/Pods/Pods-frameworks.sh\"\n";
			showEnvVarsInLog = 0;
		};
/* End PBXShellScriptBuildPhase section */

/* Begin PBXSourcesBuildPhase section */
		CC400E841CFFD9B300A1B490 /* Sources */ = {
			isa = PBXSourcesBuildPhase;
			buildActionMask = 2147483647;
			files = (
				CC57046F1D0E928800A7D5C1 /* HJShoppingBottomBar.m in Sources */,
				CC98180A1D053EC5005301CF /* NSDate+HJExtension.m in Sources */,
				CC655F591D066041009856A5 /* NSDictionary+ZXPUnicode.m in Sources */,
				CC9818071D053E83005301CF /* HJFunction.m in Sources */,
				CC400E931CFFD9B300A1B490 /* ViewController.m in Sources */,
				CC4B25E11D2E16B4008D08C9 /* HJAuthorizeFunction.m in Sources */,
				CC5705A91D0F909400A7D5C1 /* HJShoppingCount.m in Sources */,
				CC5705A51D0EC2DD00A7D5C1 /* HJShoppingCell.m in Sources */,
				CC05A6031D18D7EE00C0AED9 /* CubeButton.m in Sources */,
				CC400E901CFFD9B300A1B490 /* AppDelegate.m in Sources */,
				CC655F581D066041009856A5 /* NSArray+ ZXPUnicode.m in Sources */,
				CC68AF9E1D1A65D60030B6DC /* HJMarqueeLabel.m in Sources */,
				CC400ECB1CFFF48000A1B490 /* UIColor+HJExtension.m in Sources */,
				CC655F5B1D066041009856A5 /* NSObject+ZXPUnicode.m in Sources */,
				CC5BAA4B1D12A15C007E0B6A /* TableViewController.m in Sources */,
				CC400EC61CFFDBF300A1B490 /* UIView+HJExtension.m in Sources */,
				CC584FF31D08036A00F77FD8 /* HJDownAlertView.m in Sources */,
				CC57E6F31D0D592D00858E4A /* HJShoppingCartController.m in Sources */,
				CC655F601D06D94E009856A5 /* TouchID.m in Sources */,
				CC5705A11D0EC16800A7D5C1 /* HJShoppingService.m in Sources */,
				CC82274A1D193D4300780911 /* UIView+HJTipExtension.m in Sources */,
				CC584FEF1D08030700F77FD8 /* HJGuideController.m in Sources */,
				CC98180E1D05409A005301CF /* UIImage+HJExtension.m in Sources */,
				CC400E8D1CFFD9B300A1B490 /* main.m in Sources */,
				CC57E6EB1D0D4A0100858E4A /* HJCircleColorView.m in Sources */,
				CC9817F61D0507E1005301CF /* NSString+HJExtension.m in Sources */,
			);
			runOnlyForDeploymentPostprocessing = 0;
		};
		CC400E9D1CFFD9B300A1B490 /* Sources */ = {
			isa = PBXSourcesBuildPhase;
			buildActionMask = 2147483647;
			files = (
				CC400EA61CFFD9B300A1B490 /* HJMethodTests.m in Sources */,
			);
			runOnlyForDeploymentPostprocessing = 0;
		};
		CC400EA81CFFD9B300A1B490 /* Sources */ = {
			isa = PBXSourcesBuildPhase;
			buildActionMask = 2147483647;
			files = (
				CC400EB11CFFD9B300A1B490 /* HJMethodUITests.m in Sources */,
			);
			runOnlyForDeploymentPostprocessing = 0;
		};
/* End PBXSourcesBuildPhase section */

/* Begin PBXTargetDependency section */
		CC400EA31CFFD9B300A1B490 /* PBXTargetDependency */ = {
			isa = PBXTargetDependency;
			target = CC400E871CFFD9B300A1B490 /* HJMethod */;
			targetProxy = CC400EA21CFFD9B300A1B490 /* PBXContainerItemProxy */;
		};
		CC400EAE1CFFD9B300A1B490 /* PBXTargetDependency */ = {
			isa = PBXTargetDependency;
			target = CC400E871CFFD9B300A1B490 /* HJMethod */;
			targetProxy = CC400EAD1CFFD9B300A1B490 /* PBXContainerItemProxy */;
		};
/* End PBXTargetDependency section */

/* Begin PBXVariantGroup section */
		CC400E941CFFD9B300A1B490 /* Main.storyboard */ = {
			isa = PBXVariantGroup;
			children = (
				CC400E951CFFD9B300A1B490 /* Base */,
			);
			name = Main.storyboard;
			sourceTree = "<group>";
		};
		CC400E991CFFD9B300A1B490 /* LaunchScreen.storyboard */ = {
			isa = PBXVariantGroup;
			children = (
				CC400E9A1CFFD9B300A1B490 /* Base */,
			);
			name = LaunchScreen.storyboard;
			sourceTree = "<group>";
		};
/* End PBXVariantGroup section */

/* Begin XCBuildConfiguration section */
		CC400EB31CFFD9B300A1B490 /* Debug */ = {
			isa = XCBuildConfiguration;
			buildSettings = {
				ALWAYS_SEARCH_USER_PATHS = NO;
				CLANG_CXX_LANGUAGE_STANDARD = "gnu++0x";
				CLANG_CXX_LIBRARY = "libc++";
				CLANG_ENABLE_MODULES = YES;
				CLANG_ENABLE_OBJC_ARC = YES;
				CLANG_WARN_BOOL_CONVERSION = YES;
				CLANG_WARN_CONSTANT_CONVERSION = YES;
				CLANG_WARN_DIRECT_OBJC_ISA_USAGE = YES_ERROR;
				CLANG_WARN_EMPTY_BODY = YES;
				CLANG_WARN_ENUM_CONVERSION = YES;
				CLANG_WARN_INT_CONVERSION = YES;
				CLANG_WARN_OBJC_ROOT_CLASS = YES_ERROR;
				CLANG_WARN_UNREACHABLE_CODE = YES;
				CLANG_WARN__DUPLICATE_METHOD_MATCH = YES;
				"CODE_SIGN_IDENTITY[sdk=iphoneos*]" = "iPhone Developer";
				COPY_PHASE_STRIP = NO;
				DEBUG_INFORMATION_FORMAT = dwarf;
				ENABLE_STRICT_OBJC_MSGSEND = YES;
				ENABLE_TESTABILITY = YES;
				GCC_C_LANGUAGE_STANDARD = gnu99;
				GCC_DYNAMIC_NO_PIC = NO;
				GCC_NO_COMMON_BLOCKS = YES;
				GCC_OPTIMIZATION_LEVEL = 0;
				GCC_PREPROCESSOR_DEFINITIONS = (
					"DEBUG=1",
					"$(inherited)",
				);
				GCC_WARN_64_TO_32_BIT_CONVERSION = YES;
				GCC_WARN_ABOUT_RETURN_TYPE = YES_ERROR;
				GCC_WARN_UNDECLARED_SELECTOR = YES;
				GCC_WARN_UNINITIALIZED_AUTOS = YES_AGGRESSIVE;
				GCC_WARN_UNUSED_FUNCTION = YES;
				GCC_WARN_UNUSED_VARIABLE = YES;
				IPHONEOS_DEPLOYMENT_TARGET = 9.2;
				MTL_ENABLE_DEBUG_INFO = YES;
				ONLY_ACTIVE_ARCH = YES;
				SDKROOT = iphoneos;
				TARGETED_DEVICE_FAMILY = "1,2";
			};
			name = Debug;
		};
		CC400EB41CFFD9B300A1B490 /* Release */ = {
			isa = XCBuildConfiguration;
			buildSettings = {
				ALWAYS_SEARCH_USER_PATHS = NO;
				CLANG_CXX_LANGUAGE_STANDARD = "gnu++0x";
				CLANG_CXX_LIBRARY = "libc++";
				CLANG_ENABLE_MODULES = YES;
				CLANG_ENABLE_OBJC_ARC = YES;
				CLANG_WARN_BOOL_CONVERSION = YES;
				CLANG_WARN_CONSTANT_CONVERSION = YES;
				CLANG_WARN_DIRECT_OBJC_ISA_USAGE = YES_ERROR;
				CLANG_WARN_EMPTY_BODY = YES;
				CLANG_WARN_ENUM_CONVERSION = YES;
				CLANG_WARN_INT_CONVERSION = YES;
				CLANG_WARN_OBJC_ROOT_CLASS = YES_ERROR;
				CLANG_WARN_UNREACHABLE_CODE = YES;
				CLANG_WARN__DUPLICATE_METHOD_MATCH = YES;
				"CODE_SIGN_IDENTITY[sdk=iphoneos*]" = "iPhone Developer";
				COPY_PHASE_STRIP = NO;
				DEBUG_INFORMATION_FORMAT = "dwarf-with-dsym";
				ENABLE_NS_ASSERTIONS = NO;
				ENABLE_STRICT_OBJC_MSGSEND = YES;
				GCC_C_LANGUAGE_STANDARD = gnu99;
				GCC_NO_COMMON_BLOCKS = YES;
				GCC_WARN_64_TO_32_BIT_CONVERSION = YES;
				GCC_WARN_ABOUT_RETURN_TYPE = YES_ERROR;
				GCC_WARN_UNDECLARED_SELECTOR = YES;
				GCC_WARN_UNINITIALIZED_AUTOS = YES_AGGRESSIVE;
				GCC_WARN_UNUSED_FUNCTION = YES;
				GCC_WARN_UNUSED_VARIABLE = YES;
				IPHONEOS_DEPLOYMENT_TARGET = 9.2;
				MTL_ENABLE_DEBUG_INFO = NO;
				SDKROOT = iphoneos;
				TARGETED_DEVICE_FAMILY = "1,2";
				VALIDATE_PRODUCT = YES;
			};
			name = Release;
		};
		CC400EB61CFFD9B300A1B490 /* Debug */ = {
			isa = XCBuildConfiguration;
			baseConfigurationReference = 3C08642996B6FAE5ECB05795 /* Pods.debug.xcconfig */;
			buildSettings = {
				ASSETCATALOG_COMPILER_APPICON_NAME = AppIcon;
				CODE_SIGN_IDENTITY = "iPhone Developer";
				ENABLE_STRICT_OBJC_MSGSEND = YES;
				GCC_PREFIX_HEADER = "$(SRCROOT)/HJMethod/PrefixHeader.pch";
				INFOPLIST_FILE = HJMethod/Info.plist;
				IPHONEOS_DEPLOYMENT_TARGET = 8.0;
				LD_RUNPATH_SEARCH_PATHS = "$(inherited) @executable_path/Frameworks";
				PRODUCT_BUNDLE_IDENTIFIER = cn.coppco.HJMethod12gg;
				PRODUCT_NAME = "$(TARGET_NAME)";
				PROVISIONING_PROFILE = "";
			};
			name = Debug;
		};
		CC400EB71CFFD9B300A1B490 /* Release */ = {
			isa = XCBuildConfiguration;
			baseConfigurationReference = C08A2FB2F3647FB1436AE11B /* Pods.release.xcconfig */;
			buildSettings = {
				ASSETCATALOG_COMPILER_APPICON_NAME = AppIcon;
				CODE_SIGN_IDENTITY = "iPhone Developer";
				ENABLE_STRICT_OBJC_MSGSEND = YES;
				GCC_PREFIX_HEADER = "$(SRCROOT)/HJMethod/PrefixHeader.pch";
				INFOPLIST_FILE = HJMethod/Info.plist;
				IPHONEOS_DEPLOYMENT_TARGET = 8.0;
				LD_RUNPATH_SEARCH_PATHS = "$(inherited) @executable_path/Frameworks";
				PRODUCT_BUNDLE_IDENTIFIER = cn.coppco.HJMethod12gg;
				PRODUCT_NAME = "$(TARGET_NAME)";
				PROVISIONING_PROFILE = "";
			};
			name = Release;
		};
		CC400EB91CFFD9B300A1B490 /* Debug */ = {
			isa = XCBuildConfiguration;
			buildSettings = {
				BUNDLE_LOADER = "$(TEST_HOST)";
				INFOPLIST_FILE = HJMethodTests/Info.plist;
				LD_RUNPATH_SEARCH_PATHS = "$(inherited) @executable_path/Frameworks @loader_path/Frameworks";
				PRODUCT_BUNDLE_IDENTIFIER = cn.coppco.HJMethodTests;
				PRODUCT_NAME = "$(TARGET_NAME)";
				TEST_HOST = "$(BUILT_PRODUCTS_DIR)/HJMethod.app/HJMethod";
			};
			name = Debug;
		};
		CC400EBA1CFFD9B300A1B490 /* Release */ = {
			isa = XCBuildConfiguration;
			buildSettings = {
				BUNDLE_LOADER = "$(TEST_HOST)";
				INFOPLIST_FILE = HJMethodTests/Info.plist;
				LD_RUNPATH_SEARCH_PATHS = "$(inherited) @executable_path/Frameworks @loader_path/Frameworks";
				PRODUCT_BUNDLE_IDENTIFIER = cn.coppco.HJMethodTests;
				PRODUCT_NAME = "$(TARGET_NAME)";
				TEST_HOST = "$(BUILT_PRODUCTS_DIR)/HJMethod.app/HJMethod";
			};
			name = Release;
		};
		CC400EBC1CFFD9B300A1B490 /* Debug */ = {
			isa = XCBuildConfiguration;
			buildSettings = {
				INFOPLIST_FILE = HJMethodUITests/Info.plist;
				LD_RUNPATH_SEARCH_PATHS = "$(inherited) @executable_path/Frameworks @loader_path/Frameworks";
				PRODUCT_BUNDLE_IDENTIFIER = cn.coppco.HJMethodUITests;
				PRODUCT_NAME = "$(TARGET_NAME)";
				TEST_TARGET_NAME = HJMethod;
				USES_XCTRUNNER = YES;
			};
			name = Debug;
		};
		CC400EBD1CFFD9B300A1B490 /* Release */ = {
			isa = XCBuildConfiguration;
			buildSettings = {
				INFOPLIST_FILE = HJMethodUITests/Info.plist;
				LD_RUNPATH_SEARCH_PATHS = "$(inherited) @executable_path/Frameworks @loader_path/Frameworks";
				PRODUCT_BUNDLE_IDENTIFIER = cn.coppco.HJMethodUITests;
				PRODUCT_NAME = "$(TARGET_NAME)";
				TEST_TARGET_NAME = HJMethod;
				USES_XCTRUNNER = YES;
			};
			name = Release;
		};
/* End XCBuildConfiguration section */

/* Begin XCConfigurationList section */
		CC400E831CFFD9B300A1B490 /* Build configuration list for PBXProject "HJMethod" */ = {
			isa = XCConfigurationList;
			buildConfigurations = (
				CC400EB31CFFD9B300A1B490 /* Debug */,
				CC400EB41CFFD9B300A1B490 /* Release */,
			);
			defaultConfigurationIsVisible = 0;
			defaultConfigurationName = Release;
		};
		CC400EB51CFFD9B300A1B490 /* Build configuration list for PBXNativeTarget "HJMethod" */ = {
			isa = XCConfigurationList;
			buildConfigurations = (
				CC400EB61CFFD9B300A1B490 /* Debug */,
				CC400EB71CFFD9B300A1B490 /* Release */,
			);
			defaultConfigurationIsVisible = 0;
			defaultConfigurationName = Release;
		};
		CC400EB81CFFD9B300A1B490 /* Build configuration list for PBXNativeTarget "HJMethodTests" */ = {
			isa = XCConfigurationList;
			buildConfigurations = (
				CC400EB91CFFD9B300A1B490 /* Debug */,
				CC400EBA1CFFD9B300A1B490 /* Release */,
			);
			defaultConfigurationIsVisible = 0;
			defaultConfigurationName = Release;
		};
		CC400EBB1CFFD9B300A1B490 /* Build configuration list for PBXNativeTarget "HJMethodUITests" */ = {
			isa = XCConfigurationList;
			buildConfigurations = (
				CC400EBC1CFFD9B300A1B490 /* Debug */,
				CC400EBD1CFFD9B300A1B490 /* Release */,
			);
			defaultConfigurationIsVisible = 0;
			defaultConfigurationName = Release;
		};
/* End XCConfigurationList section */
	};
	rootObject = CC400E801CFFD9B300A1B490 /* Project object */;
}
